<Solution>
  <Folder Name="/tools/">
    <Project Path="DotnetApiTemplate.Cli/DotnetApiTemplate.Cli.csproj" />
    <Project Path="DotnetApiTemplate.Cli.UnitTests/DotnetApiTemplate.Cli.UnitTests.csproj" />
    <Project Path="DotnetApiTemplate.Templates/DotnetApiTemplate.Templates.csproj" />
  </Folder>
</Solution>
